// !$*UTF8*$!
{
	archiveVersion = 1;
	classes = {
	};
	objectVersion = 46;
	objects = {

/* Begin PBXBuildFile section */
		F50B9D4518E9F68F008B7CDD /* MYBlurIntroductionView.m in Sources */ = {isa = PBXBuildFile; fileRef = F50B9D4218E9F68F008B7CDD /* MYBlurIntroductionView.m */; };
		F50B9D4618E9F68F008B7CDD /* MYIntroductionPanel.m in Sources */ = {isa = PBXBuildFile; fileRef = F50B9D4418E9F68F008B7CDD /* MYIntroductionPanel.m */; };
		F50B9D4A18E9F7A6008B7CDD /* ForkImage.png in Resources */ = {isa = PBXBuildFile; fileRef = F50B9D4718E9F7A6008B7CDD /* ForkImage.png */; };
		F50B9D4B18E9F7A6008B7CDD /* HeaderImage.png in Resources */ = {isa = PBXBuildFile; fileRef = F50B9D4818E9F7A6008B7CDD /* HeaderImage.png */; };
		F50B9D4C18E9F7A6008B7CDD /* Toronto, ON.jpg in Resources */ = {isa = PBXBuildFile; fileRef = F50B9D4918E9F7A6008B7CDD /* Toronto, ON.jpg */; };
		F50B9D4E18E9F7ED008B7CDD /* TestHeader.xib in Resources */ = {isa = PBXBuildFile; fileRef = F50B9D4D18E9F7ED008B7CDD /* TestHeader.xib */; };
		F50B9D5018E9F820008B7CDD /* TestPanel3.xib in Resources */ = {isa = PBXBuildFile; fileRef = F50B9D4F18E9F820008B7CDD /* TestPanel3.xib */; };
		F50D13EC18E91589005CECAA /* Foundation.framework in Frameworks */ = {isa = PBXBuildFile; fileRef = F50D13EB18E91589005CECAA /* Foundation.framework */; };
		F50D13EE18E91589005CECAA /* CoreGraphics.framework in Frameworks */ = {isa = PBXBuildFile; fileRef = F50D13ED18E91589005CECAA /* CoreGraphics.framework */; };
		F50D13F018E91589005CECAA /* UIKit.framework in Frameworks */ = {isa = PBXBuildFile; fileRef = F50D13EF18E91589005CECAA /* UIKit.framework */; };
		F50D13F618E91589005CECAA /* InfoPlist.strings in Resources */ = {isa = PBXBuildFile; fileRef = F50D13F418E91589005CECAA /* InfoPlist.strings */; };
		F50D13F818E91589005CECAA /* main.m in Sources */ = {isa = PBXBuildFile; fileRef = F50D13F718E91589005CECAA /* main.m */; };
		F50D13FC18E91589005CECAA /* AppDelegate.m in Sources */ = {isa = PBXBuildFile; fileRef = F50D13FB18E91589005CECAA /* AppDelegate.m */; };
		F50D13FF18E91589005CECAA /* Main.storyboard in Resources */ = {isa = PBXBuildFile; fileRef = F50D13FD18E91589005CECAA /* Main.storyboard */; };
		F50D140218E91589005CECAA /* ViewController.m in Sources */ = {isa = PBXBuildFile; fileRef = F50D140118E91589005CECAA /* ViewController.m */; };
		F50D140418E91589005CECAA /* Images.xcassets in Resources */ = {isa = PBXBuildFile; fileRef = F50D140318E91589005CECAA /* Images.xcassets */; };
		F50D140B18E91589005CECAA /* XCTest.framework in Frameworks */ = {isa = PBXBuildFile; fileRef = F50D140A18E91589005CECAA /* XCTest.framework */; };
		F50D140C18E91589005CECAA /* Foundation.framework in Frameworks */ = {isa = PBXBuildFile; fileRef = F50D13EB18E91589005CECAA /* Foundation.framework */; };
		F50D140D18E91589005CECAA /* UIKit.framework in Frameworks */ = {isa = PBXBuildFile; fileRef = F50D13EF18E91589005CECAA /* UIKit.framework */; };
		F50D141518E91589005CECAA /* InfoPlist.strings in Resources */ = {isa = PBXBuildFile; fileRef = F50D141318E91589005CECAA /* InfoPlist.strings */; };
		F50D141718E91589005CECAA /* VinsolProjectTests.m in Sources */ = {isa = PBXBuildFile; fileRef = F50D141618E91589005CECAA /* VinsolProjectTests.m */; };
		F50D142218E91765005CECAA /* CustomColorCell.xib in Resources */ = {isa = PBXBuildFile; fileRef = F50D142118E91765005CECAA /* CustomColorCell.xib */; };
		F50D142518E91792005CECAA /* CustomColorCell.m in Sources */ = {isa = PBXBuildFile; fileRef = F50D142418E91792005CECAA /* CustomColorCell.m */; };
		F50D142918E91875005CECAA /* ColorName.m in Sources */ = {isa = PBXBuildFile; fileRef = F50D142718E91875005CECAA /* ColorName.m */; };
		F50D142D18E91925005CECAA /* AddCell.xib in Resources */ = {isa = PBXBuildFile; fileRef = F50D142A18E91925005CECAA /* AddCell.xib */; };
		F50D142E18E91925005CECAA /* AddCell.m in Sources */ = {isa = PBXBuildFile; fileRef = F50D142B18E91925005CECAA /* AddCell.m */; };
		F50D143518E91948005CECAA /* ColorSectionHeaderView.xib in Resources */ = {isa = PBXBuildFile; fileRef = F50D142F18E91948005CECAA /* ColorSectionHeaderView.xib */; };
		F50D143618E91948005CECAA /* ColorSectionHeaderView.m in Sources */ = {isa = PBXBuildFile; fileRef = F50D143018E91948005CECAA /* ColorSectionHeaderView.m */; };
		F50D143718E91948005CECAA /* ColorSectionFooterView.m in Sources */ = {isa = PBXBuildFile; fileRef = F50D143218E91948005CECAA /* ColorSectionFooterView.m */; };
		F50D143818E91948005CECAA /* ColorSectionFooterView.xib in Resources */ = {isa = PBXBuildFile; fileRef = F50D143418E91948005CECAA /* ColorSectionFooterView.xib */; };
		F50D143C18E91A0F005CECAA /* ProjectLayout.m in Sources */ = {isa = PBXBuildFile; fileRef = F50D143B18E91A0F005CECAA /* ProjectLayout.m */; };
		F50D143E18E91C2F005CECAA /* QuartzCore.framework in Frameworks */ = {isa = PBXBuildFile; fileRef = F50D143D18E91C2F005CECAA /* QuartzCore.framework */; };
		F50D144218E92ACB005CECAA /* ILBarButtonItem.m in Sources */ = {isa = PBXBuildFile; fileRef = F50D144118E92ACB005CECAA /* ILBarButtonItem.m */; };
		F50D144618E92BE7005CECAA /* UINavigationItem+Additions.m in Sources */ = {isa = PBXBuildFile; fileRef = F50D144518E92BE7005CECAA /* UINavigationItem+Additions.m */; };
		F50D144818E92D43005CECAA /* settings.png in Resources */ = {isa = PBXBuildFile; fileRef = F50D144718E92D43005CECAA /* settings.png */; };
		F50D144B18E9342F005CECAA /* SettingsViewController.m in Sources */ = {isa = PBXBuildFile; fileRef = F50D144A18E9342F005CECAA /* SettingsViewController.m */; };
		F5A5AEC518EBCEC8005AED99 /* Default@2x.png in Resources */ = {isa = PBXBuildFile; fileRef = F5A5AEC318EBCEC8005AED99 /* Default@2x.png */; };
		F5A5AEC818EBCF59005AED99 /* Default-568h@2x.png in Resources */ = {isa = PBXBuildFile; fileRef = F5A5AEC718EBCF59005AED99 /* Default-568h@2x.png */; };
		F5A5AECC18EBD356005AED99 /* icon-60@2x.png in Resources */ = {isa = PBXBuildFile; fileRef = F5A5AECB18EBD356005AED99 /* icon-60@2x.png */; };
		F5A5AECE18EBD431005AED99 /* Icon.png in Resources */ = {isa = PBXBuildFile; fileRef = F5A5AECD18EBD431005AED99 /* Icon.png */; };
/* End PBXBuildFile section */

/* Begin PBXContainerItemProxy section */
		F50D140E18E91589005CECAA /* PBXContainerItemProxy */ = {
			isa = PBXContainerItemProxy;
			containerPortal = F50D13E018E91588005CECAA /* Project object */;
			proxyType = 1;
			remoteGlobalIDString = F50D13E718E91589005CECAA;
			remoteInfo = VinsolProject;
		};
/* End PBXContainerItemProxy section */

/* Begin PBXFileReference section */
		F50B9D4118E9F68F008B7CDD /* MYBlurIntroductionView.h */ = {isa = PBXFileReference; fileEncoding = 4; lastKnownFileType = sourcecode.c.h; path = MYBlurIntroductionView.h; sourceTree = "<group>"; };
		F50B9D4218E9F68F008B7CDD /* MYBlurIntroductionView.m */ = {isa = PBXFileReference; fileEncoding = 4; lastKnownFileType = sourcecode.c.objc; path = MYBlurIntroductionView.m; sourceTree = "<group>"; };
		F50B9D4318E9F68F008B7CDD /* MYIntroductionPanel.h */ = {isa = PBXFileReference; fileEncoding = 4; lastKnownFileType = sourcecode.c.h; path = MYIntroductionPanel.h; sourceTree = "<group>"; };
		F50B9D4418E9F68F008B7CDD /* MYIntroductionPanel.m */ = {isa = PBXFileReference; fileEncoding = 4; lastKnownFileType = sourcecode.c.objc; path = MYIntroductionPanel.m; sourceTree = "<group>"; };
		F50B9D4718E9F7A6008B7CDD /* ForkImage.png */ = {isa = PBXFileReference; lastKnownFileType = image.png; path = ForkImage.png; sourceTree = "<group>"; };
		F50B9D4818E9F7A6008B7CDD /* HeaderImage.png */ = {isa = PBXFileReference; lastKnownFileType = image.png; path = HeaderImage.png; sourceTree = "<group>"; };
		F50B9D4918E9F7A6008B7CDD /* Toronto, ON.jpg */ = {isa = PBXFileReference; lastKnownFileType = image.jpeg; path = "Toronto, ON.jpg"; sourceTree = "<group>"; };
		F50B9D4D18E9F7ED008B7CDD /* TestHeader.xib */ = {isa = PBXFileReference; fileEncoding = 4; lastKnownFileType = file.xib; path = TestHeader.xib; sourceTree = "<group>"; };
		F50B9D4F18E9F820008B7CDD /* TestPanel3.xib */ = {isa = PBXFileReference; fileEncoding = 4; lastKnownFileType = file.xib; path = TestPanel3.xib; sourceTree = "<group>"; };
		F50D13E818E91589005CECAA /* VinsolProject.app */ = {isa = PBXFileReference; explicitFileType = wrapper.application; includeInIndex = 0; path = VinsolProject.app; sourceTree = BUILT_PRODUCTS_DIR; };
		F50D13EB18E91589005CECAA /* Foundation.framework */ = {isa = PBXFileReference; lastKnownFileType = wrapper.framework; name = Foundation.framework; path = System/Library/Frameworks/Foundation.framework; sourceTree = SDKROOT; };
		F50D13ED18E91589005CECAA /* CoreGraphics.framework */ = {isa = PBXFileReference; lastKnownFileType = wrapper.framework; name = CoreGraphics.framework; path = System/Library/Frameworks/CoreGraphics.framework; sourceTree = SDKROOT; };
		F50D13EF18E91589005CECAA /* UIKit.framework */ = {isa = PBXFileReference; lastKnownFileType = wrapper.framework; name = UIKit.framework; path = System/Library/Frameworks/UIKit.framework; sourceTree = SDKROOT; };
		F50D13F318E91589005CECAA /* VinsolProject-Info.plist */ = {isa = PBXFileReference; lastKnownFileType = text.plist.xml; path = "VinsolProject-Info.plist"; sourceTree = "<group>"; };
		F50D13F518E91589005CECAA /* en */ = {isa = PBXFileReference; lastKnownFileType = text.plist.strings; name = en; path = en.lproj/InfoPlist.strings; sourceTree = "<group>"; };
		F50D13F718E91589005CECAA /* main.m */ = {isa = PBXFileReference; lastKnownFileType = sourcecode.c.objc; path = main.m; sourceTree = "<group>"; };
		F50D13F918E91589005CECAA /* VinsolProject-Prefix.pch */ = {isa = PBXFileReference; lastKnownFileType = sourcecode.c.h; path = "VinsolProject-Prefix.pch"; sourceTree = "<group>"; };
		F50D13FA18E91589005CECAA /* AppDelegate.h */ = {isa = PBXFileReference; lastKnownFileType = sourcecode.c.h; path = AppDelegate.h; sourceTree = "<group>"; };
		F50D13FB18E91589005CECAA /* AppDelegate.m */ = {isa = PBXFileReference; lastKnownFileType = sourcecode.c.objc; path = AppDelegate.m; sourceTree = "<group>"; };
		F50D13FE18E91589005CECAA /* Base */ = {isa = PBXFileReference; lastKnownFileType = file.storyboard; name = Base; path = Base.lproj/Main.storyboard; sourceTree = "<group>"; };
		F50D140018E91589005CECAA /* ViewController.h */ = {isa = PBXFileReference; lastKnownFileType = sourcecode.c.h; path = ViewController.h; sourceTree = "<group>"; };
		F50D140118E91589005CECAA /* ViewController.m */ = {isa = PBXFileReference; lastKnownFileType = sourcecode.c.objc; path = ViewController.m; sourceTree = "<group>"; };
		F50D140318E91589005CECAA /* Images.xcassets */ = {isa = PBXFileReference; lastKnownFileType = folder.assetcatalog; path = Images.xcassets; sourceTree = "<group>"; };
		F50D140918E91589005CECAA /* VinsolProjectTests.xctest */ = {isa = PBXFileReference; explicitFileType = wrapper.cfbundle; includeInIndex = 0; path = VinsolProjectTests.xctest; sourceTree = BUILT_PRODUCTS_DIR; };
		F50D140A18E91589005CECAA /* XCTest.framework */ = {isa = PBXFileReference; lastKnownFileType = wrapper.framework; name = XCTest.framework; path = Library/Frameworks/XCTest.framework; sourceTree = DEVELOPER_DIR; };
		F50D141218E91589005CECAA /* VinsolProjectTests-Info.plist */ = {isa = PBXFileReference; lastKnownFileType = text.plist.xml; path = "VinsolProjectTests-Info.plist"; sourceTree = "<group>"; };
		F50D141418E91589005CECAA /* en */ = {isa = PBXFileReference; lastKnownFileType = text.plist.strings; name = en; path = en.lproj/InfoPlist.strings; sourceTree = "<group>"; };
		F50D141618E91589005CECAA /* VinsolProjectTests.m */ = {isa = PBXFileReference; lastKnownFileType = sourcecode.c.objc; path = VinsolProjectTests.m; sourceTree = "<group>"; };
		F50D142118E91765005CECAA /* CustomColorCell.xib */ = {isa = PBXFileReference; fileEncoding = 4; lastKnownFileType = file.xib; path = CustomColorCell.xib; sourceTree = "<group>"; };
		F50D142318E91792005CECAA /* CustomColorCell.h */ = {isa = PBXFileReference; fileEncoding = 4; lastKnownFileType = sourcecode.c.h; path = CustomColorCell.h; sourceTree = "<group>"; };
		F50D142418E91792005CECAA /* CustomColorCell.m */ = {isa = PBXFileReference; fileEncoding = 4; lastKnownFileType = sourcecode.c.objc; path = CustomColorCell.m; sourceTree = "<group>"; };
		F50D142718E91875005CECAA /* ColorName.m */ = {isa = PBXFileReference; fileEncoding = 4; lastKnownFileType = sourcecode.c.objc; path = ColorName.m; sourceTree = "<group>"; };
		F50D142818E91875005CECAA /* ColorName.h */ = {isa = PBXFileReference; fileEncoding = 4; lastKnownFileType = sourcecode.c.h; path = ColorName.h; sourceTree = "<group>"; };
		F50D142A18E91925005CECAA /* AddCell.xib */ = {isa = PBXFileReference; fileEncoding = 4; lastKnownFileType = file.xib; path = AddCell.xib; sourceTree = "<group>"; };
		F50D142B18E91925005CECAA /* AddCell.m */ = {isa = PBXFileReference; fileEncoding = 4; lastKnownFileType = sourcecode.c.objc; path = AddCell.m; sourceTree = "<group>"; };
		F50D142C18E91925005CECAA /* AddCell.h */ = {isa = PBXFileReference; fileEncoding = 4; lastKnownFileType = sourcecode.c.h; path = AddCell.h; sourceTree = "<group>"; };
		F50D142F18E91948005CECAA /* ColorSectionHeaderView.xib */ = {isa = PBXFileReference; fileEncoding = 4; lastKnownFileType = file.xib; path = ColorSectionHeaderView.xib; sourceTree = "<group>"; };
		F50D143018E91948005CECAA /* ColorSectionHeaderView.m */ = {isa = PBXFileReference; fileEncoding = 4; lastKnownFileType = sourcecode.c.objc; path = ColorSectionHeaderView.m; sourceTree = "<group>"; };
		F50D143118E91948005CECAA /* ColorSectionHeaderView.h */ = {isa = PBXFileReference; fileEncoding = 4; lastKnownFileType = sourcecode.c.h; path = ColorSectionHeaderView.h; sourceTree = "<group>"; };
		F50D143218E91948005CECAA /* ColorSectionFooterView.m */ = {isa = PBXFileReference; fileEncoding = 4; lastKnownFileType = sourcecode.c.objc; path = ColorSectionFooterView.m; sourceTree = "<group>"; };
		F50D143318E91948005CECAA /* ColorSectionFooterView.h */ = {isa = PBXFileReference; fileEncoding = 4; lastKnownFileType = sourcecode.c.h; path = ColorSectionFooterView.h; sourceTree = "<group>"; };
		F50D143418E91948005CECAA /* ColorSectionFooterView.xib */ = {isa = PBXFileReference; fileEncoding = 4; lastKnownFileType = file.xib; path = ColorSectionFooterView.xib; sourceTree = "<group>"; };
		F50D143A18E91A0F005CECAA /* ProjectLayout.h */ = {isa = PBXFileReference; fileEncoding = 4; lastKnownFileType = sourcecode.c.h; path = ProjectLayout.h; sourceTree = "<group>"; };
		F50D143B18E91A0F005CECAA /* ProjectLayout.m */ = {isa = PBXFileReference; fileEncoding = 4; lastKnownFileType = sourcecode.c.objc; path = ProjectLayout.m; sourceTree = "<group>"; };
		F50D143D18E91C2F005CECAA /* QuartzCore.framework */ = {isa = PBXFileReference; lastKnownFileType = wrapper.framework; name = QuartzCore.framework; path = System/Library/Frameworks/QuartzCore.framework; sourceTree = SDKROOT; };
		F50D144018E92ACB005CECAA /* ILBarButtonItem.h */ = {isa = PBXFileReference; fileEncoding = 4; lastKnownFileType = sourcecode.c.h; path = ILBarButtonItem.h; sourceTree = "<group>"; };
		F50D144118E92ACB005CECAA /* ILBarButtonItem.m */ = {isa = PBXFileReference; fileEncoding = 4; lastKnownFileType = sourcecode.c.objc; path = ILBarButtonItem.m; sourceTree = "<group>"; };
		F50D144418E92BE7005CECAA /* UINavigationItem+Additions.h */ = {isa = PBXFileReference; fileEncoding = 4; lastKnownFileType = sourcecode.c.h; path = "UINavigationItem+Additions.h"; sourceTree = "<group>"; };
		F50D144518E92BE7005CECAA /* UINavigationItem+Additions.m */ = {isa = PBXFileReference; fileEncoding = 4; lastKnownFileType = sourcecode.c.objc; path = "UINavigationItem+Additions.m"; sourceTree = "<group>"; };
		F50D144718E92D43005CECAA /* settings.png */ = {isa = PBXFileReference; lastKnownFileType = image.png; path = settings.png; sourceTree = "<group>"; };
		F50D144918E9342F005CECAA /* SettingsViewController.h */ = {isa = PBXFileReference; fileEncoding = 4; lastKnownFileType = sourcecode.c.h; path = SettingsViewController.h; sourceTree = "<group>"; };
		F50D144A18E9342F005CECAA /* SettingsViewController.m */ = {isa = PBXFileReference; fileEncoding = 4; lastKnownFileType = sourcecode.c.objc; path = SettingsViewController.m; sourceTree = "<group>"; };
		F5A5AEC318EBCEC8005AED99 /* Default@2x.png */ = {isa = PBXFileReference; lastKnownFileType = image.png; path = "Default@2x.png"; sourceTree = "<group>"; };
		F5A5AEC718EBCF59005AED99 /* Default-568h@2x.png */ = {isa = PBXFileReference; lastKnownFileType = image.png; path = "Default-568h@2x.png"; sourceTree = "<group>"; };
		F5A5AECB18EBD356005AED99 /* icon-60@2x.png */ = {isa = PBXFileReference; lastKnownFileType = image.png; path = "icon-60@2x.png"; sourceTree = "<group>"; };
		F5A5AECD18EBD431005AED99 /* Icon.png */ = {isa = PBXFileReference; lastKnownFileType = image.png; path = Icon.png; sourceTree = "<group>"; };
/* End PBXFileReference section */

/* Begin PBXFrameworksBuildPhase section */
		F50D13E518E91589005CECAA /* Frameworks */ = {
			isa = PBXFrameworksBuildPhase;
			buildActionMask = 2147483647;
			files = (
				F50D143E18E91C2F005CECAA /* QuartzCore.framework in Frameworks */,
				F50D13EE18E91589005CECAA /* CoreGraphics.framework in Frameworks */,
				F50D13F018E91589005CECAA /* UIKit.framework in Frameworks */,
				F50D13EC18E91589005CECAA /* Foundation.framework in Frameworks */,
			);
			runOnlyForDeploymentPostprocessing = 0;
		};
		F50D140618E91589005CECAA /* Frameworks */ = {
			isa = PBXFrameworksBuildPhase;
			buildActionMask = 2147483647;
			files = (
				F50D140B18E91589005CECAA /* XCTest.framework in Frameworks */,
				F50D140D18E91589005CECAA /* UIKit.framework in Frameworks */,
				F50D140C18E91589005CECAA /* Foundation.framework in Frameworks */,
			);
			runOnlyForDeploymentPostprocessing = 0;
		};
/* End PBXFrameworksBuildPhase section */

/* Begin PBXGroup section */
		F50D13DF18E91588005CECAA = {
			isa = PBXGroup;
			children = (
				F50D13F118E91589005CECAA /* VinsolProject */,
				F50D141018E91589005CECAA /* VinsolProjectTests */,
				F50D13EA18E91589005CECAA /* Frameworks */,
				F50D13E918E91589005CECAA /* Products */,
			);
			sourceTree = "<group>";
		};
		F50D13E918E91589005CECAA /* Products */ = {
			isa = PBXGroup;
			children = (
				F50D13E818E91589005CECAA /* VinsolProject.app */,
				F50D140918E91589005CECAA /* VinsolProjectTests.xctest */,
			);
			name = Products;
			sourceTree = "<group>";
		};
		F50D13EA18E91589005CECAA /* Frameworks */ = {
			isa = PBXGroup;
			children = (
				F50D143D18E91C2F005CECAA /* QuartzCore.framework */,
				F50D13EB18E91589005CECAA /* Foundation.framework */,
				F50D13ED18E91589005CECAA /* CoreGraphics.framework */,
				F50D13EF18E91589005CECAA /* UIKit.framework */,
				F50D140A18E91589005CECAA /* XCTest.framework */,
			);
			name = Frameworks;
			sourceTree = "<group>";
		};
		F50D13F118E91589005CECAA /* VinsolProject */ = {
			isa = PBXGroup;
			children = (
				F50D142018E915A8005CECAA /* Classes */,
				F50D13FD18E91589005CECAA /* Main.storyboard */,
				F50D140318E91589005CECAA /* Images.xcassets */,
				F50D144718E92D43005CECAA /* settings.png */,
				F50D143F18E92A7F005CECAA /* Libraries */,
				F50D13F218E91589005CECAA /* Supporting Files */,
			);
			path = VinsolProject;
			sourceTree = "<group>";
		};
		F50D13F218E91589005CECAA /* Supporting Files */ = {
			isa = PBXGroup;
			children = (
				F5A5AECD18EBD431005AED99 /* Icon.png */,
				F5A5AECB18EBD356005AED99 /* icon-60@2x.png */,
				F5A5AEC318EBCEC8005AED99 /* Default@2x.png */,
				F5A5AEC718EBCF59005AED99 /* Default-568h@2x.png */,
				F50D13F318E91589005CECAA /* VinsolProject-Info.plist */,
				F50D13F418E91589005CECAA /* InfoPlist.strings */,
				F50D13F718E91589005CECAA /* main.m */,
				F50D13F918E91589005CECAA /* VinsolProject-Prefix.pch */,
			);
			name = "Supporting Files";
			sourceTree = "<group>";
		};
		F50D141018E91589005CECAA /* VinsolProjectTests */ = {
			isa = PBXGroup;
			children = (
				F50D141618E91589005CECAA /* VinsolProjectTests.m */,
				F50D141118E91589005CECAA /* Supporting Files */,
			);
			path = VinsolProjectTests;
			sourceTree = "<group>";
		};
		F50D141118E91589005CECAA /* Supporting Files */ = {
			isa = PBXGroup;
			children = (
				F50D141218E91589005CECAA /* VinsolProjectTests-Info.plist */,
				F50D141318E91589005CECAA /* InfoPlist.strings */,
			);
			name = "Supporting Files";
			sourceTree = "<group>";
		};
		F50D142018E915A8005CECAA /* Classes */ = {
			isa = PBXGroup;
			children = (
				F50D144318E92BD2005CECAA /* Categories */,
				F50D143918E9199C005CECAA /* CollectionViewLayout */,
				F50D142618E91858005CECAA /* Model Classes */,
				F50D13FA18E91589005CECAA /* AppDelegate.h */,
				F50D13FB18E91589005CECAA /* AppDelegate.m */,
				F50D140018E91589005CECAA /* ViewController.h */,
				F50D140118E91589005CECAA /* ViewController.m */,
				F50D144918E9342F005CECAA /* SettingsViewController.h */,
				F50D144A18E9342F005CECAA /* SettingsViewController.m */,
				F50D142318E91792005CECAA /* CustomColorCell.h */,
				F50D142418E91792005CECAA /* CustomColorCell.m */,
				F50D142118E91765005CECAA /* CustomColorCell.xib */,
				F50D142C18E91925005CECAA /* AddCell.h */,
				F50D142B18E91925005CECAA /* AddCell.m */,
				F50D142A18E91925005CECAA /* AddCell.xib */,
				F50D143118E91948005CECAA /* ColorSectionHeaderView.h */,
				F50D143018E91948005CECAA /* ColorSectionHeaderView.m */,
				F50D142F18E91948005CECAA /* ColorSectionHeaderView.xib */,
				F50D143318E91948005CECAA /* ColorSectionFooterView.h */,
				F50D143218E91948005CECAA /* ColorSectionFooterView.m */,
				F50D143418E91948005CECAA /* ColorSectionFooterView.xib */,
				F50B9D4718E9F7A6008B7CDD /* ForkImage.png */,
				F50B9D4818E9F7A6008B7CDD /* HeaderImage.png */,
				F50B9D4918E9F7A6008B7CDD /* Toronto, ON.jpg */,
				F50B9D4D18E9F7ED008B7CDD /* TestHeader.xib */,
				F50B9D4F18E9F820008B7CDD /* TestPanel3.xib */,
			);
			name = Classes;
			sourceTree = "<group>";
		};
		F50D142618E91858005CECAA /* Model Classes */ = {
			isa = PBXGroup;
			children = (
				F50D142718E91875005CECAA /* ColorName.m */,
				F50D142818E91875005CECAA /* ColorName.h */,
			);
			name = "Model Classes";
			sourceTree = "<group>";
		};
		F50D143918E9199C005CECAA /* CollectionViewLayout */ = {
			isa = PBXGroup;
			children = (
				F50D143A18E91A0F005CECAA /* ProjectLayout.h */,
				F50D143B18E91A0F005CECAA /* ProjectLayout.m */,
			);
			name = CollectionViewLayout;
			sourceTree = "<group>";
		};
		F50D143F18E92A7F005CECAA /* Libraries */ = {
			isa = PBXGroup;
			children = (
				F50B9D4118E9F68F008B7CDD /* MYBlurIntroductionView.h */,
				F50B9D4218E9F68F008B7CDD /* MYBlurIntroductionView.m */,
				F50B9D4318E9F68F008B7CDD /* MYIntroductionPanel.h */,
				F50B9D4418E9F68F008B7CDD /* MYIntroductionPanel.m */,
				F50D144018E92ACB005CECAA /* ILBarButtonItem.h */,
				F50D144118E92ACB005CECAA /* ILBarButtonItem.m */,
			);
			name = Libraries;
			sourceTree = "<group>";
		};
		F50D144318E92BD2005CECAA /* Categories */ = {
			isa = PBXGroup;
			children = (
				F50D144418E92BE7005CECAA /* UINavigationItem+Additions.h */,
				F50D144518E92BE7005CECAA /* UINavigationItem+Additions.m */,
			);
			name = Categories;
			sourceTree = "<group>";
		};
/* End PBXGroup section */

/* Begin PBXNativeTarget section */
		F50D13E718E91589005CECAA /* VinsolProject */ = {
			isa = PBXNativeTarget;
			buildConfigurationList = F50D141A18E91589005CECAA /* Build configuration list for PBXNativeTarget "VinsolProject" */;
			buildPhases = (
				F50D13E418E91589005CECAA /* Sources */,
				F50D13E518E91589005CECAA /* Frameworks */,
				F50D13E618E91589005CECAA /* Resources */,
			);
			buildRules = (
			);
			dependencies = (
			);
			name = VinsolProject;
			productName = VinsolProject;
			productReference = F50D13E818E91589005CECAA /* VinsolProject.app */;
			productType = "com.apple.product-type.application";
		};
		F50D140818E91589005CECAA /* VinsolProjectTests */ = {
			isa = PBXNativeTarget;
			buildConfigurationList = F50D141D18E91589005CECAA /* Build configuration list for PBXNativeTarget "VinsolProjectTests" */;
			buildPhases = (
				F50D140518E91589005CECAA /* Sources */,
				F50D140618E91589005CECAA /* Frameworks */,
				F50D140718E91589005CECAA /* Resources */,
			);
			buildRules = (
			);
			dependencies = (
				F50D140F18E91589005CECAA /* PBXTargetDependency */,
			);
			name = VinsolProjectTests;
			productName = VinsolProjectTests;
			productReference = F50D140918E91589005CECAA /* VinsolProjectTests.xctest */;
			productType = "com.apple.product-type.bundle.unit-test";
		};
/* End PBXNativeTarget section */

/* Begin PBXProject section */
		F50D13E018E91588005CECAA /* Project object */ = {
			isa = PBXProject;
			attributes = {
				LastUpgradeCheck = 0500;
				ORGANIZATIONNAME = Meditab;
				TargetAttributes = {
					F50D140818E91589005CECAA = {
						TestTargetID = F50D13E718E91589005CECAA;
					};
				};
			};
			buildConfigurationList = F50D13E318E91588005CECAA /* Build configuration list for PBXProject "VinsolProject" */;
			compatibilityVersion = "Xcode 3.2";
			developmentRegion = English;
			hasScannedForEncodings = 0;
			knownRegions = (
				en,
				Base,
			);
			mainGroup = F50D13DF18E91588005CECAA;
			productRefGroup = F50D13E918E91589005CECAA /* Products */;
			projectDirPath = "";
			projectRoot = "";
			targets = (
				F50D13E718E91589005CECAA /* VinsolProject */,
				F50D140818E91589005CECAA /* VinsolProjectTests */,
			);
		};
/* End PBXProject section */

/* Begin PBXResourcesBuildPhase section */
		F50D13E618E91589005CECAA /* Resources */ = {
			isa = PBXResourcesBuildPhase;
			buildActionMask = 2147483647;
			files = (
				F50B9D4B18E9F7A6008B7CDD /* HeaderImage.png in Resources */,
				F50D144818E92D43005CECAA /* settings.png in Resources */,
				F50B9D4A18E9F7A6008B7CDD /* ForkImage.png in Resources */,
				F50D140418E91589005CECAA /* Images.xcassets in Resources */,
				F5A5AECE18EBD431005AED99 /* Icon.png in Resources */,
				F5A5AECC18EBD356005AED99 /* icon-60@2x.png in Resources */,
				F50D13F618E91589005CECAA /* InfoPlist.strings in Resources */,
				F50D142218E91765005CECAA /* CustomColorCell.xib in Resources */,
				F50D143518E91948005CECAA /* ColorSectionHeaderView.xib in Resources */,
				F50B9D4C18E9F7A6008B7CDD /* Toronto, ON.jpg in Resources */,
				F5A5AEC818EBCF59005AED99 /* Default-568h@2x.png in Resources */,
				F50B9D4E18E9F7ED008B7CDD /* TestHeader.xib in Resources */,
				F50D143818E91948005CECAA /* ColorSectionFooterView.xib in Resources */,
				F50D142D18E91925005CECAA /* AddCell.xib in Resources */,
				F50B9D5018E9F820008B7CDD /* TestPanel3.xib in Resources */,
				F5A5AEC518EBCEC8005AED99 /* Default@2x.png in Resources */,
				F50D13FF18E91589005CECAA /* Main.storyboard in Resources */,
			);
			runOnlyForDeploymentPostprocessing = 0;
		};
		F50D140718E91589005CECAA /* Resources */ = {
			isa = PBXResourcesBuildPhase;
			buildActionMask = 2147483647;
			files = (
				F50D141518E91589005CECAA /* InfoPlist.strings in Resources */,
			);
			runOnlyForDeploymentPostprocessing = 0;
		};
/* End PBXResourcesBuildPhase section */

/* Begin PBXSourcesBuildPhase section */
		F50D13E418E91589005CECAA /* Sources */ = {
			isa = PBXSourcesBuildPhase;
			buildActionMask = 2147483647;
			files = (
				F50D140218E91589005CECAA /* ViewController.m in Sources */,
				F50D143718E91948005CECAA /* ColorSectionFooterView.m in Sources */,
				F50D13FC18E91589005CECAA /* AppDelegate.m in Sources */,
				F50D144B18E9342F005CECAA /* SettingsViewController.m in Sources */,
				F50B9D4618E9F68F008B7CDD /* MYIntroductionPanel.m in Sources */,
				F50D144218E92ACB005CECAA /* ILBarButtonItem.m in Sources */,
				F50D142918E91875005CECAA /* ColorName.m in Sources */,
				F50D144618E92BE7005CECAA /* UINavigationItem+Additions.m in Sources */,
				F50D143618E91948005CECAA /* ColorSectionHeaderView.m in Sources */,
				F50D142E18E91925005CECAA /* AddCell.m in Sources */,
				F50B9D4518E9F68F008B7CDD /* MYBlurIntroductionView.m in Sources */,
				F50D143C18E91A0F005CECAA /* ProjectLayout.m in Sources */,
				F50D142518E91792005CECAA /* CustomColorCell.m in Sources */,
				F50D13F818E91589005CECAA /* main.m in Sources */,
			);
			runOnlyForDeploymentPostprocessing = 0;
		};
		F50D140518E91589005CECAA /* Sources */ = {
			isa = PBXSourcesBuildPhase;
			buildActionMask = 2147483647;
			files = (
				F50D141718E91589005CECAA /* VinsolProjectTests.m in Sources */,
			);
			runOnlyForDeploymentPostprocessing = 0;
		};
/* End PBXSourcesBuildPhase section */

/* Begin PBXTargetDependency section */
		F50D140F18E91589005CECAA /* PBXTargetDependency */ = {
			isa = PBXTargetDependency;
			target = F50D13E718E91589005CECAA /* VinsolProject */;
			targetProxy = F50D140E18E91589005CECAA /* PBXContainerItemProxy */;
		};
/* End PBXTargetDependency section */

/* Begin PBXVariantGroup section */
		F50D13F418E91589005CECAA /* InfoPlist.strings */ = {
			isa = PBXVariantGroup;
			children = (
				F50D13F518E91589005CECAA /* en */,
			);
			name = InfoPlist.strings;
			sourceTree = "<group>";
		};
		F50D13FD18E91589005CECAA /* Main.storyboard */ = {
			isa = PBXVariantGroup;
			children = (
				F50D13FE18E91589005CECAA /* Base */,
			);
			name = Main.storyboard;
			sourceTree = "<group>";
		};
		F50D141318E91589005CECAA /* InfoPlist.strings */ = {
			isa = PBXVariantGroup;
			children = (
				F50D141418E91589005CECAA /* en */,
			);
			name = InfoPlist.strings;
			sourceTree = "<group>";
		};
/* End PBXVariantGroup section */

/* Begin XCBuildConfiguration section */
		F50D141818E91589005CECAA /* Debug */ = {
			isa = XCBuildConfiguration;
			buildSettings = {
				ALWAYS_SEARCH_USER_PATHS = NO;
				ARCHS = "$(ARCHS_STANDARD_INCLUDING_64_BIT)";
				CLANG_CXX_LANGUAGE_STANDARD = "gnu++0x";
				CLANG_CXX_LIBRARY = "libc++";
				CLANG_ENABLE_MODULES = YES;
				CLANG_ENABLE_OBJC_ARC = YES;
				CLANG_WARN_BOOL_CONVERSION = YES;
				CLANG_WARN_CONSTANT_CONVERSION = YES;
				CLANG_WARN_DIRECT_OBJC_ISA_USAGE = YES_ERROR;
				CLANG_WARN_EMPTY_BODY = YES;
				CLANG_WARN_ENUM_CONVERSION = YES;
				CLANG_WARN_INT_CONVERSION = YES;
				CLANG_WARN_OBJC_ROOT_CLASS = YES_ERROR;
				CLANG_WARN__DUPLICATE_METHOD_MATCH = YES;
				"CODE_SIGN_IDENTITY[sdk=iphoneos*]" = "iPhone Developer";
				COPY_PHASE_STRIP = NO;
				GCC_C_LANGUAGE_STANDARD = gnu99;
				GCC_DYNAMIC_NO_PIC = NO;
				GCC_OPTIMIZATION_LEVEL = 0;
				GCC_PREPROCESSOR_DEFINITIONS = (
					"DEBUG=1",
					"$(inherited)",
				);
				GCC_SYMBOLS_PRIVATE_EXTERN = NO;
				GCC_WARN_64_TO_32_BIT_CONVERSION = YES;
				GCC_WARN_ABOUT_RETURN_TYPE = YES_ERROR;
				GCC_WARN_UNDECLARED_SELECTOR = YES;
				GCC_WARN_UNINITIALIZED_AUTOS = YES;
				GCC_WARN_UNUSED_FUNCTION = YES;
				GCC_WARN_UNUSED_VARIABLE = YES;
				IPHONEOS_DEPLOYMENT_TARGET = 7.0;
				ONLY_ACTIVE_ARCH = YES;
				SDKROOT = iphoneos;
			};
			name = Debug;
		};
		F50D141918E91589005CECAA /* Release */ = {
			isa = XCBuildConfiguration;
			buildSettings = {
				ALWAYS_SEARCH_USER_PATHS = NO;
				ARCHS = "$(ARCHS_STANDARD_INCLUDING_64_BIT)";
				CLANG_CXX_LANGUAGE_STANDARD = "gnu++0x";
				CLANG_CXX_LIBRARY = "libc++";
				CLANG_ENABLE_MODULES = YES;
				CLANG_ENABLE_OBJC_ARC = YES;
				CLANG_WARN_BOOL_CONVERSION = YES;
				CLANG_WARN_CONSTANT_CONVERSION = YES;
				CLANG_WARN_DIRECT_OBJC_ISA_USAGE = YES_ERROR;
				CLANG_WARN_EMPTY_BODY = YES;
				CLANG_WARN_ENUM_CONVERSION = YES;
				CLANG_WARN_INT_CONVERSION = YES;
				CLANG_WARN_OBJC_ROOT_CLASS = YES_ERROR;
				CLANG_WARN__DUPLICATE_METHOD_MATCH = YES;
				"CODE_SIGN_IDENTITY[sdk=iphoneos*]" = "iPhone Developer";
				COPY_PHASE_STRIP = YES;
				ENABLE_NS_ASSERTIONS = NO;
				GCC_C_LANGUAGE_STANDARD = gnu99;
				GCC_WARN_64_TO_32_BIT_CONVERSION = YES;
				GCC_WARN_ABOUT_RETURN_TYPE = YES_ERROR;
				GCC_WARN_UNDECLARED_SELECTOR = YES;
				GCC_WARN_UNINITIALIZED_AUTOS = YES;
				GCC_WARN_UNUSED_FUNCTION = YES;
				GCC_WARN_UNUSED_VARIABLE = YES;
				IPHONEOS_DEPLOYMENT_TARGET = 7.0;
				SDKROOT = iphoneos;
				VALIDATE_PRODUCT = YES;
			};
			name = Release;
		};
		F50D141B18E91589005CECAA /* Debug */ = {
			isa = XCBuildConfiguration;
			buildSettings = {
				ASSETCATALOG_COMPILER_APPICON_NAME = "AppIcon-2";
				GCC_PRECOMPILE_PREFIX_HEADER = YES;
				GCC_PREFIX_HEADER = "VinsolProject/VinsolProject-Prefix.pch";
				INFOPLIST_FILE = "VinsolProject/VinsolProject-Info.plist";
				PRODUCT_NAME = "$(TARGET_NAME)";
				WRAPPER_EXTENSION = app;
			};
			name = Debug;
		};
		F50D141C18E91589005CECAA /* Release */ = {
			isa = XCBuildConfiguration;
			buildSettings = {
				ASSETCATALOG_COMPILER_APPICON_NAME = "AppIcon-2";
				GCC_PRECOMPILE_PREFIX_HEADER = YES;
				GCC_PREFIX_HEADER = "VinsolProject/VinsolProject-Prefix.pch";
				INFOPLIST_FILE = "VinsolProject/VinsolProject-Info.plist";
				PRODUCT_NAME = "$(TARGET_NAME)";
				WRAPPER_EXTENSION = app;
			};
			name = Release;
		};
		F50D141E18E91589005CECAA /* Debug */ = {
			isa = XCBuildConfiguration;
			buildSettings = {
				ARCHS = "$(ARCHS_STANDARD_INCLUDING_64_BIT)";
				BUNDLE_LOADER = "$(BUILT_PRODUCTS_DIR)/VinsolProject.app/VinsolProject";
				FRAMEWORK_SEARCH_PATHS = (
					"$(SDKROOT)/Developer/Library/Frameworks",
					"$(inherited)",
					"$(DEVELOPER_FRAMEWORKS_DIR)",
				);
				GCC_PRECOMPILE_PREFIX_HEADER = YES;
				GCC_PREFIX_HEADER = "VinsolProject/VinsolProject-Prefix.pch";
				GCC_PREPROCESSOR_DEFINITIONS = (
					"DEBUG=1",
					"$(inherited)",
				);
				INFOPLIST_FILE = "VinsolProjectTests/VinsolProjectTests-Info.plist";
				PRODUCT_NAME = "$(TARGET_NAME)";
				TEST_HOST = "$(BUNDLE_LOADER)";
				WRAPPER_EXTENSION = xctest;
			};
			name = Debug;
		};
		F50D141F18E91589005CECAA /* Release */ = {
			isa = XCBuildConfiguration;
			buildSettings = {
				ARCHS = "$(ARCHS_STANDARD_INCLUDING_64_BIT)";
				BUNDLE_LOADER = "$(BUILT_PRODUCTS_DIR)/VinsolProject.app/VinsolProject";
				FRAMEWORK_SEARCH_PATHS = (
					"$(SDKROOT)/Developer/Library/Frameworks",
					"$(inherited)",
					"$(DEVELOPER_FRAMEWORKS_DIR)",
				);
				GCC_PRECOMPILE_PREFIX_HEADER = YES;
				GCC_PREFIX_HEADER = "VinsolProject/VinsolProject-Prefix.pch";
				INFOPLIST_FILE = "VinsolProjectTests/VinsolProjectTests-Info.plist";
				PRODUCT_NAME = "$(TARGET_NAME)";
				TEST_HOST = "$(BUNDLE_LOADER)";
				WRAPPER_EXTENSION = xctest;
			};
			name = Release;
		};
/* End XCBuildConfiguration section */

/* Begin XCConfigurationList section */
		F50D13E318E91588005CECAA /* Build configuration list for PBXProject "VinsolProject" */ = {
			isa = XCConfigurationList;
			buildConfigurations = (
				F50D141818E91589005CECAA /* Debug */,
				F50D141918E91589005CECAA /* Release */,
			);
			defaultConfigurationIsVisible = 0;
			defaultConfigurationName = Release;
		};
		F50D141A18E91589005CECAA /* Build configuration list for PBXNativeTarget "VinsolProject" */ = {
			isa = XCConfigurationList;
			buildConfigurations = (
				F50D141B18E91589005CECAA /* Debug */,
				F50D141C18E91589005CECAA /* Release */,
			);
			defaultConfigurationIsVisible = 0;
			defaultConfigurationName = Release;
		};
		F50D141D18E91589005CECAA /* Build configuration list for PBXNativeTarget "VinsolProjectTests" */ = {
			isa = XCConfigurationList;
			buildConfigurations = (
				F50D141E18E91589005CECAA /* Debug */,
				F50D141F18E91589005CECAA /* Release */,
			);
			defaultConfigurationIsVisible = 0;
			defaultConfigurationName = Release;
		};
/* End XCConfigurationList section */
	};
	rootObject = F50D13E018E91588005CECAA /* Project object */;
}
